
Microsoft Visual Studio Solution File, Format Version 11.00
# Visual Studio 2010
Project("{8BC9CEB8-8B4A-11D0-8D11-00A0C91BC942}") = "PEEngineConsole", "build\pe-engine-console-msvc-10\Monstra.vcxproj", "{A9DB1E26-81F0-4F5E-A7E9-0C7337D6B1E7}"
EndProject
Project("{2150E333-8FDC-42A3-9474-1A3956D46DE8}") = "Samples", "Samples", "{9060581B-3758-49EE-AD61-336C3E48CC6E}"
EndProject
Project("{2150E333-8FDC-42A3-9474-1A3956D46DE8}") = "Tests", "Tests", "{0B375EE7-B989-4AC2-8E85-B3A237BD5F64}"
EndProject
Project("{2150E333-8FDC-42A3-9474-1A3956D46DE8}") = "Monstra", "Monstra", "{3E6C5A12-6373-4561-8067-CEC8CD2C4CE0}"
EndProject
Project("{8BC9CEB8-8B4A-11D0-8D11-00A0C91BC942}") = "PEEngineLib", "build\pe-engine-lib-msvc-10\pelib.vcxproj", "{218814F6-3394-4A91-B77B-EF8A4AD859D7}"
EndProject
Global
	GlobalSection(SolutionConfigurationPlatforms) = preSolution
		Debug|Win32 = Debug|Win32
		Release|Win32 = Release|Win32
	EndGlobalSection
	GlobalSection(ProjectConfigurationPlatforms) = postSolution
		{A9DB1E26-81F0-4F5E-A7E9-0C7337D6B1E7}.Debug|Win32.ActiveCfg = Debug|Win32
		{A9DB1E26-81F0-4F5E-A7E9-0C7337D6B1E7}.Debug|Win32.Build.0 = Debug|Win32
		{A9DB1E26-81F0-4F5E-A7E9-0C7337D6B1E7}.Release|Win32.ActiveCfg = Release|Win32
		{A9DB1E26-81F0-4F5E-A7E9-0C7337D6B1E7}.Release|Win32.Build.0 = Release|Win32
		{218814F6-3394-4A91-B77B-EF8A4AD859D7}.Debug|Win32.ActiveCfg = Debug|Win32
		{218814F6-3394-4A91-B77B-EF8A4AD859D7}.Debug|Win32.Build.0 = Debug|Win32
		{218814F6-3394-4A91-B77B-EF8A4AD859D7}.Release|Win32.ActiveCfg = Release|Win32
		{218814F6-3394-4A91-B77B-EF8A4AD859D7}.Release|Win32.Build.0 = Release|Win32
	EndGlobalSection
	GlobalSection(SolutionProperties) = preSolution
		HideSolutionNode = FALSE
	EndGlobalSection
	GlobalSection(NestedProjects) = preSolution
		{A9DB1E26-81F0-4F5E-A7E9-0C7337D6B1E7} = {3E6C5A12-6373-4561-8067-CEC8CD2C4CE0}
		{218814F6-3394-4A91-B77B-EF8A4AD859D7} = {3E6C5A12-6373-4561-8067-CEC8CD2C4CE0}
	EndGlobalSection
EndGlobal
