
Microsoft Visual Studio Solution File, Format Version 11.00
# Visual Studio 2010
Project("{8BC9CEB8-8B4A-11D0-8D11-00A0C91BC942}") = "PEEngineConsoleDev", "build\pe-engine-console-msvc-10\Monstra.vcxproj", "{A9DB1E26-81F0-4F5E-A7E9-0C7337D6B1E7}"
EndProject
Project("{2150E333-8FDC-42A3-9474-1A3956D46DE8}") = "Samples", "Samples", "{9060581B-3758-49EE-AD61-336C3E48CC6E}"
EndProject
Project("{2150E333-8FDC-42A3-9474-1A3956D46DE8}") = "Tests", "Tests", "{0B375EE7-B989-4AC2-8E85-B3A237BD5F64}"
EndProject
Project("{2150E333-8FDC-42A3-9474-1A3956D46DE8}") = "Monstra", "Monstra", "{3E6C5A12-6373-4561-8067-CEC8CD2C4CE0}"
EndProject
Project("{8BC9CEB8-8B4A-11D0-8D11-00A0C91BC942}") = "PEEngineLib", "build\pe-engine-lib-msvc-10\pelib.vcxproj", "{218814F6-3394-4A91-B77B-EF8A4AD859D7}"
EndProject
Project("{8BC9CEB8-8B4A-11D0-8D11-00A0C91BC942}") = "test1_pemap", "tests\test_pemap\test_pemap.vcxproj", "{E2A1D947-BE2A-489B-A042-DF2F38DE48C4}"
EndProject
Project("{8BC9CEB8-8B4A-11D0-8D11-00A0C91BC942}") = "test3_pebufferraw", "tests\test_pebufferraw\test_pebufferraw.vcxproj", "{27317358-298F-4EDB-87E5-B74A03318A77}"
EndProject
Project("{8BC9CEB8-8B4A-11D0-8D11-00A0C91BC942}") = "test2_pebuffermapped", "tests\test_pebuffermapped\test_pebuffermapped.vcxproj", "{4FCC72BD-90AA-4DB4-9999-ADA5CDB7D063}"
EndProject
Project("{2150E333-8FDC-42A3-9474-1A3956D46DE8}") = "Docs", "Docs", "{CBAABE1A-0B24-4A48-8CE4-91996907E93A}"
	ProjectSection(SolutionItems) = preProject
		TODO.txt = TODO.txt
	EndProjectSection
EndProject
Project("{8BC9CEB8-8B4A-11D0-8D11-00A0C91BC942}") = "test5_peheader", "tests\test_peheader\test_peheader.vcxproj", "{3E6CE1DD-0AB9-4605-BA33-8C1CF093347F}"
EndProject
Project("{8BC9CEB8-8B4A-11D0-8D11-00A0C91BC942}") = "test4_peheaderparser", "tests\test_peheaderparser\test_peheaderparser.vcxproj", "{AB63CBC5-72A3-4016-A910-3E6A9CF72F69}"
EndProject
Global
	GlobalSection(SolutionConfigurationPlatforms) = preSolution
		Debug|Win32 = Debug|Win32
		Release|Win32 = Release|Win32
	EndGlobalSection
	GlobalSection(ProjectConfigurationPlatforms) = postSolution
		{A9DB1E26-81F0-4F5E-A7E9-0C7337D6B1E7}.Debug|Win32.ActiveCfg = Debug|Win32
		{A9DB1E26-81F0-4F5E-A7E9-0C7337D6B1E7}.Debug|Win32.Build.0 = Debug|Win32
		{A9DB1E26-81F0-4F5E-A7E9-0C7337D6B1E7}.Release|Win32.ActiveCfg = Release|Win32
		{A9DB1E26-81F0-4F5E-A7E9-0C7337D6B1E7}.Release|Win32.Build.0 = Release|Win32
		{218814F6-3394-4A91-B77B-EF8A4AD859D7}.Debug|Win32.ActiveCfg = Debug|Win32
		{218814F6-3394-4A91-B77B-EF8A4AD859D7}.Debug|Win32.Build.0 = Debug|Win32
		{218814F6-3394-4A91-B77B-EF8A4AD859D7}.Release|Win32.ActiveCfg = Release|Win32
		{218814F6-3394-4A91-B77B-EF8A4AD859D7}.Release|Win32.Build.0 = Release|Win32
		{E2A1D947-BE2A-489B-A042-DF2F38DE48C4}.Debug|Win32.ActiveCfg = Debug|Win32
		{E2A1D947-BE2A-489B-A042-DF2F38DE48C4}.Debug|Win32.Build.0 = Debug|Win32
		{E2A1D947-BE2A-489B-A042-DF2F38DE48C4}.Release|Win32.ActiveCfg = Release|Win32
		{E2A1D947-BE2A-489B-A042-DF2F38DE48C4}.Release|Win32.Build.0 = Release|Win32
		{27317358-298F-4EDB-87E5-B74A03318A77}.Debug|Win32.ActiveCfg = Debug|Win32
		{27317358-298F-4EDB-87E5-B74A03318A77}.Debug|Win32.Build.0 = Debug|Win32
		{27317358-298F-4EDB-87E5-B74A03318A77}.Release|Win32.ActiveCfg = Release|Win32
		{27317358-298F-4EDB-87E5-B74A03318A77}.Release|Win32.Build.0 = Release|Win32
		{4FCC72BD-90AA-4DB4-9999-ADA5CDB7D063}.Debug|Win32.ActiveCfg = Debug|Win32
		{4FCC72BD-90AA-4DB4-9999-ADA5CDB7D063}.Debug|Win32.Build.0 = Debug|Win32
		{4FCC72BD-90AA-4DB4-9999-ADA5CDB7D063}.Release|Win32.ActiveCfg = Release|Win32
		{4FCC72BD-90AA-4DB4-9999-ADA5CDB7D063}.Release|Win32.Build.0 = Release|Win32
		{3E6CE1DD-0AB9-4605-BA33-8C1CF093347F}.Debug|Win32.ActiveCfg = Debug|Win32
		{3E6CE1DD-0AB9-4605-BA33-8C1CF093347F}.Debug|Win32.Build.0 = Debug|Win32
		{3E6CE1DD-0AB9-4605-BA33-8C1CF093347F}.Release|Win32.ActiveCfg = Release|Win32
		{3E6CE1DD-0AB9-4605-BA33-8C1CF093347F}.Release|Win32.Build.0 = Release|Win32
		{AB63CBC5-72A3-4016-A910-3E6A9CF72F69}.Debug|Win32.ActiveCfg = Debug|Win32
		{AB63CBC5-72A3-4016-A910-3E6A9CF72F69}.Debug|Win32.Build.0 = Debug|Win32
		{AB63CBC5-72A3-4016-A910-3E6A9CF72F69}.Release|Win32.ActiveCfg = Release|Win32
		{AB63CBC5-72A3-4016-A910-3E6A9CF72F69}.Release|Win32.Build.0 = Release|Win32
	EndGlobalSection
	GlobalSection(SolutionProperties) = preSolution
		HideSolutionNode = FALSE
	EndGlobalSection
	GlobalSection(NestedProjects) = preSolution
		{A9DB1E26-81F0-4F5E-A7E9-0C7337D6B1E7} = {3E6C5A12-6373-4561-8067-CEC8CD2C4CE0}
		{218814F6-3394-4A91-B77B-EF8A4AD859D7} = {3E6C5A12-6373-4561-8067-CEC8CD2C4CE0}
		{E2A1D947-BE2A-489B-A042-DF2F38DE48C4} = {0B375EE7-B989-4AC2-8E85-B3A237BD5F64}
		{27317358-298F-4EDB-87E5-B74A03318A77} = {0B375EE7-B989-4AC2-8E85-B3A237BD5F64}
		{4FCC72BD-90AA-4DB4-9999-ADA5CDB7D063} = {0B375EE7-B989-4AC2-8E85-B3A237BD5F64}
		{3E6CE1DD-0AB9-4605-BA33-8C1CF093347F} = {0B375EE7-B989-4AC2-8E85-B3A237BD5F64}
		{AB63CBC5-72A3-4016-A910-3E6A9CF72F69} = {0B375EE7-B989-4AC2-8E85-B3A237BD5F64}
	EndGlobalSection
EndGlobal
